
Microsoft Visual Studio Solution File, Format Version 12.00
# Visual Studio Version 17
VisualStudioVersion = 17.0.31903.59
MinimumVisualStudioVersion = 10.0.40219.1
Project("{2150E333-8FDC-42A3-9474-1A3956D46DE8}") = "Solution Items", "Solution Items", "{83819FDA-9594-4E49-85E5-272FD5E46F16}"
	ProjectSection(SolutionItems) = preProject
		.editorconfig = .editorconfig
		Directory.Build.props = Directory.Build.props
		Directory.Packages.props = Directory.Packages.props
		docker-compose-cosmosdb.yaml = docker-compose-cosmosdb.yaml
		..\docker-compose.yaml = ..\docker-compose.yaml
		..\README.md = ..\README.md
	EndProjectSection
EndProject
Project("{2150E333-8FDC-42A3-9474-1A3956D46DE8}") = "LeaveSystem.Shared", "LeaveSystem.Shared", "{A529F3D4-C7B6-412E-8EF1-6D77004B23A1}"
EndProject
Project("{9A19103F-16F7-4668-BE54-9A1E7A4F7556}") = "LeaveSystem.Shared", "LeaveSystem.Shared\LeaveSystem.Shared\LeaveSystem.Shared.csproj", "{9E0A9888-B83A-4DA9-B7AF-DA98C9F8FB1D}"
EndProject
Project("{2150E333-8FDC-42A3-9474-1A3956D46DE8}") = "LeaveSystem.Functions", "LeaveSystem.Functions", "{7CF85AF2-A600-4353-8D72-D8BA91333BE2}"
EndProject
Project("{9A19103F-16F7-4668-BE54-9A1E7A4F7556}") = "LeaveSystem.Functions", "LeaveSystem.Functions\LeaveSystem.Functions\LeaveSystem.Functions.csproj", "{D01C3193-C0E7-4B32-BF49-80A751C5123B}"
EndProject
Project("{9A19103F-16F7-4668-BE54-9A1E7A4F7556}") = "LeaveSystem.Functions.Roles", "LeaveSystem.Functions\LeaveSystem.Functions.Roles\LeaveSystem.Functions.Roles.csproj", "{C4FFAA20-6BAF-4371-AED6-F1C5A0E67E07}"
EndProject
Project("{9A19103F-16F7-4668-BE54-9A1E7A4F7556}") = "LeaveSystem.Functions.Shared", "LeaveSystem.Functions\LeaveSystem.Functions.Shared\LeaveSystem.Functions.Shared.csproj", "{CDC09825-6E4E-46C2-B186-22310B72FD37}"
EndProject
Project("{9A19103F-16F7-4668-BE54-9A1E7A4F7556}") = "LeaveSystem.Functions.Seed", "LeaveSystem.Functions\LeaveSystem.Functions.Seed\LeaveSystem.Functions.Seed.csproj", "{E68FAEA1-615A-4935-A9B5-70B39AB43CD3}"
EndProject
Project("{9A19103F-16F7-4668-BE54-9A1E7A4F7556}") = "LeaveSystem.Functions.UnitTests", "LeaveSystem.Functions\LeaveSystem.Functions.UnitTests\LeaveSystem.Functions.UnitTests.csproj", "{8FCB88D8-A0CC-4834-93C6-10C0F13C1969}"
EndProject
Project("{2150E333-8FDC-42A3-9474-1A3956D46DE8}") = "LeaveSystem.Domain", "LeaveSystem.Domain", "{5B2659C4-1987-4EBD-8BF7-493CF34C258A}"
EndProject
Project("{9A19103F-16F7-4668-BE54-9A1E7A4F7556}") = "LeaveSystem.Domain", "LeaveSystem.Domain\LeaveSystem.Domain\LeaveSystem.Domain.csproj", "{20ABC373-D21C-4729-A76A-36A0C50AF1D6}"
EndProject
Project("{9A19103F-16F7-4668-BE54-9A1E7A4F7556}") = "LeaveSystem.Domain.UnitTests", "LeaveSystem.Domain\LeaveSystem.Domain.UnitTests\LeaveSystem.Domain.UnitTests.csproj", "{F89A7090-7B5F-427A-AB13-892207A9506B}"
EndProject
Global
	GlobalSection(SolutionConfigurationPlatforms) = preSolution
		Debug|Any CPU = Debug|Any CPU
		Release|Any CPU = Release|Any CPU
	EndGlobalSection
	GlobalSection(ProjectConfigurationPlatforms) = postSolution
		{9E0A9888-B83A-4DA9-B7AF-DA98C9F8FB1D}.Debug|Any CPU.ActiveCfg = Debug|Any CPU
		{9E0A9888-B83A-4DA9-B7AF-DA98C9F8FB1D}.Debug|Any CPU.Build.0 = Debug|Any CPU
		{9E0A9888-B83A-4DA9-B7AF-DA98C9F8FB1D}.Release|Any CPU.ActiveCfg = Release|Any CPU
		{9E0A9888-B83A-4DA9-B7AF-DA98C9F8FB1D}.Release|Any CPU.Build.0 = Release|Any CPU
		{D01C3193-C0E7-4B32-BF49-80A751C5123B}.Debug|Any CPU.ActiveCfg = Debug|Any CPU
		{D01C3193-C0E7-4B32-BF49-80A751C5123B}.Debug|Any CPU.Build.0 = Debug|Any CPU
		{D01C3193-C0E7-4B32-BF49-80A751C5123B}.Release|Any CPU.ActiveCfg = Release|Any CPU
		{D01C3193-C0E7-4B32-BF49-80A751C5123B}.Release|Any CPU.Build.0 = Release|Any CPU
		{C4FFAA20-6BAF-4371-AED6-F1C5A0E67E07}.Debug|Any CPU.ActiveCfg = Debug|Any CPU
		{C4FFAA20-6BAF-4371-AED6-F1C5A0E67E07}.Debug|Any CPU.Build.0 = Debug|Any CPU
		{C4FFAA20-6BAF-4371-AED6-F1C5A0E67E07}.Release|Any CPU.ActiveCfg = Release|Any CPU
		{C4FFAA20-6BAF-4371-AED6-F1C5A0E67E07}.Release|Any CPU.Build.0 = Release|Any CPU
		{CDC09825-6E4E-46C2-B186-22310B72FD37}.Debug|Any CPU.ActiveCfg = Debug|Any CPU
		{CDC09825-6E4E-46C2-B186-22310B72FD37}.Debug|Any CPU.Build.0 = Debug|Any CPU
		{CDC09825-6E4E-46C2-B186-22310B72FD37}.Release|Any CPU.ActiveCfg = Release|Any CPU
		{CDC09825-6E4E-46C2-B186-22310B72FD37}.Release|Any CPU.Build.0 = Release|Any CPU
		{E68FAEA1-615A-4935-A9B5-70B39AB43CD3}.Debug|Any CPU.ActiveCfg = Debug|Any CPU
		{E68FAEA1-615A-4935-A9B5-70B39AB43CD3}.Debug|Any CPU.Build.0 = Debug|Any CPU
		{E68FAEA1-615A-4935-A9B5-70B39AB43CD3}.Release|Any CPU.ActiveCfg = Release|Any CPU
		{E68FAEA1-615A-4935-A9B5-70B39AB43CD3}.Release|Any CPU.Build.0 = Release|Any CPU
		{8FCB88D8-A0CC-4834-93C6-10C0F13C1969}.Debug|Any CPU.ActiveCfg = Debug|Any CPU
		{8FCB88D8-A0CC-4834-93C6-10C0F13C1969}.Debug|Any CPU.Build.0 = Debug|Any CPU
		{8FCB88D8-A0CC-4834-93C6-10C0F13C1969}.Release|Any CPU.ActiveCfg = Release|Any CPU
		{8FCB88D8-A0CC-4834-93C6-10C0F13C1969}.Release|Any CPU.Build.0 = Release|Any CPU
		{20ABC373-D21C-4729-A76A-36A0C50AF1D6}.Debug|Any CPU.ActiveCfg = Debug|Any CPU
		{20ABC373-D21C-4729-A76A-36A0C50AF1D6}.Debug|Any CPU.Build.0 = Debug|Any CPU
		{20ABC373-D21C-4729-A76A-36A0C50AF1D6}.Release|Any CPU.ActiveCfg = Release|Any CPU
		{20ABC373-D21C-4729-A76A-36A0C50AF1D6}.Release|Any CPU.Build.0 = Release|Any CPU
		{F89A7090-7B5F-427A-AB13-892207A9506B}.Debug|Any CPU.ActiveCfg = Debug|Any CPU
		{F89A7090-7B5F-427A-AB13-892207A9506B}.Debug|Any CPU.Build.0 = Debug|Any CPU
		{F89A7090-7B5F-427A-AB13-892207A9506B}.Release|Any CPU.ActiveCfg = Release|Any CPU
		{F89A7090-7B5F-427A-AB13-892207A9506B}.Release|Any CPU.Build.0 = Release|Any CPU
	EndGlobalSection
	GlobalSection(SolutionProperties) = preSolution
		HideSolutionNode = FALSE
	EndGlobalSection
	GlobalSection(NestedProjects) = preSolution
		{9E0A9888-B83A-4DA9-B7AF-DA98C9F8FB1D} = {A529F3D4-C7B6-412E-8EF1-6D77004B23A1}
		{D01C3193-C0E7-4B32-BF49-80A751C5123B} = {7CF85AF2-A600-4353-8D72-D8BA91333BE2}
		{C4FFAA20-6BAF-4371-AED6-F1C5A0E67E07} = {7CF85AF2-A600-4353-8D72-D8BA91333BE2}
		{CDC09825-6E4E-46C2-B186-22310B72FD37} = {7CF85AF2-A600-4353-8D72-D8BA91333BE2}
		{E68FAEA1-615A-4935-A9B5-70B39AB43CD3} = {7CF85AF2-A600-4353-8D72-D8BA91333BE2}
		{8FCB88D8-A0CC-4834-93C6-10C0F13C1969} = {7CF85AF2-A600-4353-8D72-D8BA91333BE2}
		{20ABC373-D21C-4729-A76A-36A0C50AF1D6} = {5B2659C4-1987-4EBD-8BF7-493CF34C258A}
		{F89A7090-7B5F-427A-AB13-892207A9506B} = {5B2659C4-1987-4EBD-8BF7-493CF34C258A}
	EndGlobalSection
	GlobalSection(ExtensibilityGlobals) = postSolution
		SolutionGuid = {E8762886-5B99-4DD1-B6A9-242FAC001B38}
	EndGlobalSection
EndGlobal
