
Microsoft Visual Studio Solution File, Format Version 12.00
# Visual Studio Version 17
VisualStudioVersion = 17.0.31903.59
MinimumVisualStudioVersion = 10.0.40219.1
Project("{2150E333-8FDC-42A3-9474-1A3956D46DE8}") = "Solution Items", "Solution Items", "{83819FDA-9594-4E49-85E5-272FD5E46F16}"
	ProjectSection(SolutionItems) = preProject
		..\docker-compose.yaml = ..\docker-compose.yaml
		..\README.md = ..\README.md
	EndProjectSection
EndProject
Project("{9A19103F-16F7-4668-BE54-9A1E7A4F7556}") = "LeaveSystem.Web", "LeaveSystem.Web\LeaveSystem.Web\LeaveSystem.Web.csproj", "{F1797FA0-2439-4B6A-8CA6-2B6688FE1993}"
EndProject
Project("{9A19103F-16F7-4668-BE54-9A1E7A4F7556}") = "LeaveSystem", "LeaveSystem\LeaveSystem\LeaveSystem.csproj", "{1A43849F-FC96-47E9-9617-D211667837F9}"
EndProject
Project("{9A19103F-16F7-4668-BE54-9A1E7A4F7556}") = "Core", "GoldenEye\Core\Core\Core.csproj", "{E2725E6D-7CA8-4B0B-A041-14201BFF3A84}"
EndProject
Project("{2150E333-8FDC-42A3-9474-1A3956D46DE8}") = "LeaveSystem", "LeaveSystem", "{EC97AF10-0CF8-4EBC-B52E-8152E6EF92FE}"
EndProject
Project("{2150E333-8FDC-42A3-9474-1A3956D46DE8}") = "GoldenEye", "GoldenEye", "{6111C28D-9184-4F34-AE05-1646F381D44B}"
EndProject
Project("{2150E333-8FDC-42A3-9474-1A3956D46DE8}") = "Core", "Core", "{6E3C660F-EA38-4960-A7F3-DF8417C9B8DF}"
EndProject
Project("{2150E333-8FDC-42A3-9474-1A3956D46DE8}") = "LeaveSystem.Web", "LeaveSystem.Web", "{B8F915BD-44BE-4A4F-A641-427E6345DAE8}"
EndProject
Project("{2150E333-8FDC-42A3-9474-1A3956D46DE8}") = "Marten", "Marten", "{9F29AA2C-E395-4030-8B8B-7F6AFBCE50B7}"
EndProject
Project("{9A19103F-16F7-4668-BE54-9A1E7A4F7556}") = "Marten", "GoldenEye\Marten\Marten\Marten.csproj", "{F96E842E-1574-4110-B389-0120DDFCCF77}"
EndProject
Project("{9A19103F-16F7-4668-BE54-9A1E7A4F7556}") = "Marten.Integration.Tests", "GoldenEye\Marten\Marten.Integration.Tests\Marten.Integration.Tests.csproj", "{ED59F3B5-495F-4720-A087-CBC5345A7C8D}"
EndProject
Project("{9A19103F-16F7-4668-BE54-9A1E7A4F7556}") = "Core.Tests", "GoldenEye\Core\Core.Tests\Core.Tests.csproj", "{9F7B0142-DA7C-4A9A-BA27-7EB1B7743509}"
EndProject
Project("{9A19103F-16F7-4668-BE54-9A1E7A4F7556}") = "Core.Tests.External", "GoldenEye\Core\Core.Tests.External\Core.Tests.External.csproj", "{6FC8793E-9FB1-4CCF-A740-EE563C4C7ACA}"
EndProject
Project("{2150E333-8FDC-42A3-9474-1A3956D46DE8}") = "LeaveSystem.Api", "LeaveSystem.Api", "{F16D4955-ECA7-49EB-ACF3-2DBA73CD9EF6}"
EndProject
Project("{9A19103F-16F7-4668-BE54-9A1E7A4F7556}") = "LeaveSystem.Api", "LeaveSystem.Api\LeaveSystem.Api\LeaveSystem.Api.csproj", "{533FD533-7607-49F0-9D49-22A34EBE9EF4}"
EndProject
Project("{2150E333-8FDC-42A3-9474-1A3956D46DE8}") = "LeaveSystem.Shared", "LeaveSystem.Shared", "{A529F3D4-C7B6-412E-8EF1-6D77004B23A1}"
EndProject
Project("{9A19103F-16F7-4668-BE54-9A1E7A4F7556}") = "LeaveSystem.Shared", "LeaveSystem.Shared\LeaveSystem.Shared.csproj", "{9E0A9888-B83A-4DA9-B7AF-DA98C9F8FB1D}"
EndProject
Project("{FAE04EC0-301F-11D3-BF4B-00C04F79EFBC}") = "LeaveSystem.Api.UnitTests", "LeaveSystem.Api\LeaveSystem.Api.UnitTests\LeaveSystem.Api.UnitTests.csproj", "{17A555DA-D952-4066-8820-13ED97770DE8}"
EndProject
Project("{FAE04EC0-301F-11D3-BF4B-00C04F79EFBC}") = "LeaveSystem.Web.UnitTests", "LeaveSystem.Web\LeaveSystem.Web.UnitTests\LeaveSystem.Web.UnitTests.csproj", "{617DE4BD-5862-483D-BDB8-316C4C6F143C}"
EndProject
Project("{9A19103F-16F7-4668-BE54-9A1E7A4F7556}") = "LeaveSystem.UnitTests", "LeaveSystem\LeaveSystem.UnitTests\LeaveSystem.UnitTests.csproj", "{80F052BC-DE9F-46A4-9BC3-5829946041D7}"
EndProject
Global
	GlobalSection(SolutionConfigurationPlatforms) = preSolution
		Debug|Any CPU = Debug|Any CPU
		Release|Any CPU = Release|Any CPU
	EndGlobalSection
	GlobalSection(ProjectConfigurationPlatforms) = postSolution
		{F1797FA0-2439-4B6A-8CA6-2B6688FE1993}.Debug|Any CPU.ActiveCfg = Debug|Any CPU
		{F1797FA0-2439-4B6A-8CA6-2B6688FE1993}.Debug|Any CPU.Build.0 = Debug|Any CPU
		{F1797FA0-2439-4B6A-8CA6-2B6688FE1993}.Release|Any CPU.ActiveCfg = Release|Any CPU
		{F1797FA0-2439-4B6A-8CA6-2B6688FE1993}.Release|Any CPU.Build.0 = Release|Any CPU
		{1A43849F-FC96-47E9-9617-D211667837F9}.Debug|Any CPU.ActiveCfg = Debug|Any CPU
		{1A43849F-FC96-47E9-9617-D211667837F9}.Debug|Any CPU.Build.0 = Debug|Any CPU
		{1A43849F-FC96-47E9-9617-D211667837F9}.Release|Any CPU.ActiveCfg = Release|Any CPU
		{1A43849F-FC96-47E9-9617-D211667837F9}.Release|Any CPU.Build.0 = Release|Any CPU
		{E2725E6D-7CA8-4B0B-A041-14201BFF3A84}.Debug|Any CPU.ActiveCfg = Debug|Any CPU
		{E2725E6D-7CA8-4B0B-A041-14201BFF3A84}.Debug|Any CPU.Build.0 = Debug|Any CPU
		{E2725E6D-7CA8-4B0B-A041-14201BFF3A84}.Release|Any CPU.ActiveCfg = Release|Any CPU
		{E2725E6D-7CA8-4B0B-A041-14201BFF3A84}.Release|Any CPU.Build.0 = Release|Any CPU
		{F96E842E-1574-4110-B389-0120DDFCCF77}.Debug|Any CPU.ActiveCfg = Debug|Any CPU
		{F96E842E-1574-4110-B389-0120DDFCCF77}.Debug|Any CPU.Build.0 = Debug|Any CPU
		{F96E842E-1574-4110-B389-0120DDFCCF77}.Release|Any CPU.ActiveCfg = Release|Any CPU
		{F96E842E-1574-4110-B389-0120DDFCCF77}.Release|Any CPU.Build.0 = Release|Any CPU
		{ED59F3B5-495F-4720-A087-CBC5345A7C8D}.Debug|Any CPU.ActiveCfg = Debug|Any CPU
		{ED59F3B5-495F-4720-A087-CBC5345A7C8D}.Debug|Any CPU.Build.0 = Debug|Any CPU
		{ED59F3B5-495F-4720-A087-CBC5345A7C8D}.Release|Any CPU.ActiveCfg = Release|Any CPU
		{ED59F3B5-495F-4720-A087-CBC5345A7C8D}.Release|Any CPU.Build.0 = Release|Any CPU
		{9F7B0142-DA7C-4A9A-BA27-7EB1B7743509}.Debug|Any CPU.ActiveCfg = Debug|Any CPU
		{9F7B0142-DA7C-4A9A-BA27-7EB1B7743509}.Debug|Any CPU.Build.0 = Debug|Any CPU
		{9F7B0142-DA7C-4A9A-BA27-7EB1B7743509}.Release|Any CPU.ActiveCfg = Release|Any CPU
		{9F7B0142-DA7C-4A9A-BA27-7EB1B7743509}.Release|Any CPU.Build.0 = Release|Any CPU
		{6FC8793E-9FB1-4CCF-A740-EE563C4C7ACA}.Debug|Any CPU.ActiveCfg = Debug|Any CPU
		{6FC8793E-9FB1-4CCF-A740-EE563C4C7ACA}.Debug|Any CPU.Build.0 = Debug|Any CPU
		{6FC8793E-9FB1-4CCF-A740-EE563C4C7ACA}.Release|Any CPU.ActiveCfg = Release|Any CPU
		{6FC8793E-9FB1-4CCF-A740-EE563C4C7ACA}.Release|Any CPU.Build.0 = Release|Any CPU
		{533FD533-7607-49F0-9D49-22A34EBE9EF4}.Debug|Any CPU.ActiveCfg = Debug|Any CPU
		{533FD533-7607-49F0-9D49-22A34EBE9EF4}.Debug|Any CPU.Build.0 = Debug|Any CPU
		{533FD533-7607-49F0-9D49-22A34EBE9EF4}.Release|Any CPU.ActiveCfg = Release|Any CPU
		{533FD533-7607-49F0-9D49-22A34EBE9EF4}.Release|Any CPU.Build.0 = Release|Any CPU
		{9E0A9888-B83A-4DA9-B7AF-DA98C9F8FB1D}.Debug|Any CPU.ActiveCfg = Debug|Any CPU
		{9E0A9888-B83A-4DA9-B7AF-DA98C9F8FB1D}.Debug|Any CPU.Build.0 = Debug|Any CPU
		{9E0A9888-B83A-4DA9-B7AF-DA98C9F8FB1D}.Release|Any CPU.ActiveCfg = Release|Any CPU
		{9E0A9888-B83A-4DA9-B7AF-DA98C9F8FB1D}.Release|Any CPU.Build.0 = Release|Any CPU
		{17A555DA-D952-4066-8820-13ED97770DE8}.Debug|Any CPU.ActiveCfg = Debug|Any CPU
		{17A555DA-D952-4066-8820-13ED97770DE8}.Debug|Any CPU.Build.0 = Debug|Any CPU
		{17A555DA-D952-4066-8820-13ED97770DE8}.Release|Any CPU.ActiveCfg = Release|Any CPU
		{17A555DA-D952-4066-8820-13ED97770DE8}.Release|Any CPU.Build.0 = Release|Any CPU
		{617DE4BD-5862-483D-BDB8-316C4C6F143C}.Debug|Any CPU.ActiveCfg = Debug|Any CPU
		{617DE4BD-5862-483D-BDB8-316C4C6F143C}.Debug|Any CPU.Build.0 = Debug|Any CPU
		{617DE4BD-5862-483D-BDB8-316C4C6F143C}.Release|Any CPU.ActiveCfg = Release|Any CPU
		{617DE4BD-5862-483D-BDB8-316C4C6F143C}.Release|Any CPU.Build.0 = Release|Any CPU
		{80F052BC-DE9F-46A4-9BC3-5829946041D7}.Debug|Any CPU.ActiveCfg = Debug|Any CPU
		{80F052BC-DE9F-46A4-9BC3-5829946041D7}.Debug|Any CPU.Build.0 = Debug|Any CPU
		{80F052BC-DE9F-46A4-9BC3-5829946041D7}.Release|Any CPU.ActiveCfg = Release|Any CPU
		{80F052BC-DE9F-46A4-9BC3-5829946041D7}.Release|Any CPU.Build.0 = Release|Any CPU
	EndGlobalSection
	GlobalSection(SolutionProperties) = preSolution
		HideSolutionNode = FALSE
	EndGlobalSection
	GlobalSection(NestedProjects) = preSolution
		{F1797FA0-2439-4B6A-8CA6-2B6688FE1993} = {B8F915BD-44BE-4A4F-A641-427E6345DAE8}
		{1A43849F-FC96-47E9-9617-D211667837F9} = {EC97AF10-0CF8-4EBC-B52E-8152E6EF92FE}
		{E2725E6D-7CA8-4B0B-A041-14201BFF3A84} = {6E3C660F-EA38-4960-A7F3-DF8417C9B8DF}
		{6E3C660F-EA38-4960-A7F3-DF8417C9B8DF} = {6111C28D-9184-4F34-AE05-1646F381D44B}
		{9F29AA2C-E395-4030-8B8B-7F6AFBCE50B7} = {6111C28D-9184-4F34-AE05-1646F381D44B}
		{F96E842E-1574-4110-B389-0120DDFCCF77} = {9F29AA2C-E395-4030-8B8B-7F6AFBCE50B7}
		{ED59F3B5-495F-4720-A087-CBC5345A7C8D} = {9F29AA2C-E395-4030-8B8B-7F6AFBCE50B7}
		{9F7B0142-DA7C-4A9A-BA27-7EB1B7743509} = {6E3C660F-EA38-4960-A7F3-DF8417C9B8DF}
		{6FC8793E-9FB1-4CCF-A740-EE563C4C7ACA} = {6E3C660F-EA38-4960-A7F3-DF8417C9B8DF}
		{533FD533-7607-49F0-9D49-22A34EBE9EF4} = {F16D4955-ECA7-49EB-ACF3-2DBA73CD9EF6}
		{9E0A9888-B83A-4DA9-B7AF-DA98C9F8FB1D} = {A529F3D4-C7B6-412E-8EF1-6D77004B23A1}
		{17A555DA-D952-4066-8820-13ED97770DE8} = {F16D4955-ECA7-49EB-ACF3-2DBA73CD9EF6}
		{617DE4BD-5862-483D-BDB8-316C4C6F143C} = {B8F915BD-44BE-4A4F-A641-427E6345DAE8}
		{80F052BC-DE9F-46A4-9BC3-5829946041D7} = {EC97AF10-0CF8-4EBC-B52E-8152E6EF92FE}
	EndGlobalSection
	GlobalSection(ExtensibilityGlobals) = postSolution
		SolutionGuid = {E8762886-5B99-4DD1-B6A9-242FAC001B38}
	EndGlobalSection
EndGlobal
