
Microsoft Visual Studio Solution File, Format Version 12.00
# Visual Studio Version 17
VisualStudioVersion = 17.0.31903.59
MinimumVisualStudioVersion = 10.0.40219.1
Project("{2150E333-8FDC-42A3-9474-1A3956D46DE8}") = "Solution Items", "Solution Items", "{83819FDA-9594-4E49-85E5-272FD5E46F16}"
	ProjectSection(SolutionItems) = preProject
		.editorconfig = .editorconfig
		Directory.Packages.props = Directory.Packages.props
		..\docker-compose.yaml = ..\docker-compose.yaml
		..\README.md = ..\README.md
	EndProjectSection
EndProject
Project("{9A19103F-16F7-4668-BE54-9A1E7A4F7556}") = "LeaveSystem.Web", "LeaveSystem.Web\LeaveSystem.Web\LeaveSystem.Web.csproj", "{F1797FA0-2439-4B6A-8CA6-2B6688FE1993}"
EndProject
Project("{9A19103F-16F7-4668-BE54-9A1E7A4F7556}") = "LeaveSystem", "LeaveSystem\LeaveSystem\LeaveSystem.csproj", "{1A43849F-FC96-47E9-9617-D211667837F9}"
EndProject
Project("{2150E333-8FDC-42A3-9474-1A3956D46DE8}") = "LeaveSystem", "LeaveSystem", "{EC97AF10-0CF8-4EBC-B52E-8152E6EF92FE}"
EndProject
Project("{2150E333-8FDC-42A3-9474-1A3956D46DE8}") = "LeaveSystem.Web", "LeaveSystem.Web", "{B8F915BD-44BE-4A4F-A641-427E6345DAE8}"
EndProject
Project("{2150E333-8FDC-42A3-9474-1A3956D46DE8}") = "LeaveSystem.Api", "LeaveSystem.Api", "{F16D4955-ECA7-49EB-ACF3-2DBA73CD9EF6}"
EndProject
Project("{9A19103F-16F7-4668-BE54-9A1E7A4F7556}") = "LeaveSystem.Api", "LeaveSystem.Api\LeaveSystem.Api\LeaveSystem.Api.csproj", "{533FD533-7607-49F0-9D49-22A34EBE9EF4}"
EndProject
Project("{2150E333-8FDC-42A3-9474-1A3956D46DE8}") = "LeaveSystem.Shared", "LeaveSystem.Shared", "{A529F3D4-C7B6-412E-8EF1-6D77004B23A1}"
EndProject
Project("{9A19103F-16F7-4668-BE54-9A1E7A4F7556}") = "LeaveSystem.Shared", "LeaveSystem.Shared\LeaveSystem.Shared.csproj", "{9E0A9888-B83A-4DA9-B7AF-DA98C9F8FB1D}"
EndProject
Project("{9A19103F-16F7-4668-BE54-9A1E7A4F7556}") = "LeaveSystem.Api.UnitTests", "LeaveSystem.Api\LeaveSystem.Api.UnitTests\LeaveSystem.Api.UnitTests.csproj", "{17A555DA-D952-4066-8820-13ED97770DE8}"
EndProject
Project("{9A19103F-16F7-4668-BE54-9A1E7A4F7556}") = "LeaveSystem.Web.UnitTests", "LeaveSystem.Web\LeaveSystem.Web.UnitTests\LeaveSystem.Web.UnitTests.csproj", "{617DE4BD-5862-483D-BDB8-316C4C6F143C}"
EndProject
Project("{9A19103F-16F7-4668-BE54-9A1E7A4F7556}") = "LeaveSystem.UnitTests", "LeaveSystem\LeaveSystem.UnitTests\LeaveSystem.UnitTests.csproj", "{80F052BC-DE9F-46A4-9BC3-5829946041D7}"
EndProject
Project("{2150E333-8FDC-42A3-9474-1A3956D46DE8}") = "GoldenEye", "GoldenEye", "{952E867A-4F14-48B8-B34F-21F8BD849C62}"
EndProject
Project("{9A19103F-16F7-4668-BE54-9A1E7A4F7556}") = "GoldenEye", "GoldenEye\GoldenEye\GoldenEye.csproj", "{8BCFA91D-02B2-4EFD-9E8E-E19687EBF1EB}"
EndProject
Project("{9A19103F-16F7-4668-BE54-9A1E7A4F7556}") = "LeaveSystem.Api.Seed", "LeaveSystem.Api\LeaveSystem.Api.Seed\LeaveSystem.Api.Seed.csproj", "{21760086-F7D1-4FA3-9CDA-CFE1AD1AB117}"
EndProject
Project("{9A19103F-16F7-4668-BE54-9A1E7A4F7556}") = "Client", "..\Client\Client.csproj", "{D85888CB-BC60-4329-9B00-E7BDA3524742}"
EndProject
Global
	GlobalSection(SolutionConfigurationPlatforms) = preSolution
		Debug|Any CPU = Debug|Any CPU
		Release|Any CPU = Release|Any CPU
	EndGlobalSection
	GlobalSection(ProjectConfigurationPlatforms) = postSolution
		{F1797FA0-2439-4B6A-8CA6-2B6688FE1993}.Debug|Any CPU.ActiveCfg = Debug|Any CPU
		{F1797FA0-2439-4B6A-8CA6-2B6688FE1993}.Debug|Any CPU.Build.0 = Debug|Any CPU
		{F1797FA0-2439-4B6A-8CA6-2B6688FE1993}.Release|Any CPU.ActiveCfg = Release|Any CPU
		{F1797FA0-2439-4B6A-8CA6-2B6688FE1993}.Release|Any CPU.Build.0 = Release|Any CPU
		{1A43849F-FC96-47E9-9617-D211667837F9}.Debug|Any CPU.ActiveCfg = Debug|Any CPU
		{1A43849F-FC96-47E9-9617-D211667837F9}.Debug|Any CPU.Build.0 = Debug|Any CPU
		{1A43849F-FC96-47E9-9617-D211667837F9}.Release|Any CPU.ActiveCfg = Release|Any CPU
		{1A43849F-FC96-47E9-9617-D211667837F9}.Release|Any CPU.Build.0 = Release|Any CPU
		{533FD533-7607-49F0-9D49-22A34EBE9EF4}.Debug|Any CPU.ActiveCfg = Debug|Any CPU
		{533FD533-7607-49F0-9D49-22A34EBE9EF4}.Debug|Any CPU.Build.0 = Debug|Any CPU
		{533FD533-7607-49F0-9D49-22A34EBE9EF4}.Release|Any CPU.ActiveCfg = Release|Any CPU
		{533FD533-7607-49F0-9D49-22A34EBE9EF4}.Release|Any CPU.Build.0 = Release|Any CPU
		{9E0A9888-B83A-4DA9-B7AF-DA98C9F8FB1D}.Debug|Any CPU.ActiveCfg = Debug|Any CPU
		{9E0A9888-B83A-4DA9-B7AF-DA98C9F8FB1D}.Debug|Any CPU.Build.0 = Debug|Any CPU
		{9E0A9888-B83A-4DA9-B7AF-DA98C9F8FB1D}.Release|Any CPU.ActiveCfg = Release|Any CPU
		{9E0A9888-B83A-4DA9-B7AF-DA98C9F8FB1D}.Release|Any CPU.Build.0 = Release|Any CPU
		{17A555DA-D952-4066-8820-13ED97770DE8}.Debug|Any CPU.ActiveCfg = Debug|Any CPU
		{17A555DA-D952-4066-8820-13ED97770DE8}.Debug|Any CPU.Build.0 = Debug|Any CPU
		{17A555DA-D952-4066-8820-13ED97770DE8}.Release|Any CPU.ActiveCfg = Release|Any CPU
		{17A555DA-D952-4066-8820-13ED97770DE8}.Release|Any CPU.Build.0 = Release|Any CPU
		{617DE4BD-5862-483D-BDB8-316C4C6F143C}.Debug|Any CPU.ActiveCfg = Debug|Any CPU
		{617DE4BD-5862-483D-BDB8-316C4C6F143C}.Debug|Any CPU.Build.0 = Debug|Any CPU
		{617DE4BD-5862-483D-BDB8-316C4C6F143C}.Release|Any CPU.ActiveCfg = Release|Any CPU
		{617DE4BD-5862-483D-BDB8-316C4C6F143C}.Release|Any CPU.Build.0 = Release|Any CPU
		{80F052BC-DE9F-46A4-9BC3-5829946041D7}.Debug|Any CPU.ActiveCfg = Debug|Any CPU
		{80F052BC-DE9F-46A4-9BC3-5829946041D7}.Debug|Any CPU.Build.0 = Debug|Any CPU
		{80F052BC-DE9F-46A4-9BC3-5829946041D7}.Release|Any CPU.ActiveCfg = Release|Any CPU
		{80F052BC-DE9F-46A4-9BC3-5829946041D7}.Release|Any CPU.Build.0 = Release|Any CPU
		{8BCFA91D-02B2-4EFD-9E8E-E19687EBF1EB}.Debug|Any CPU.ActiveCfg = Debug|Any CPU
		{8BCFA91D-02B2-4EFD-9E8E-E19687EBF1EB}.Debug|Any CPU.Build.0 = Debug|Any CPU
		{8BCFA91D-02B2-4EFD-9E8E-E19687EBF1EB}.Release|Any CPU.ActiveCfg = Release|Any CPU
		{8BCFA91D-02B2-4EFD-9E8E-E19687EBF1EB}.Release|Any CPU.Build.0 = Release|Any CPU
		{21760086-F7D1-4FA3-9CDA-CFE1AD1AB117}.Debug|Any CPU.ActiveCfg = Debug|Any CPU
		{21760086-F7D1-4FA3-9CDA-CFE1AD1AB117}.Debug|Any CPU.Build.0 = Debug|Any CPU
		{21760086-F7D1-4FA3-9CDA-CFE1AD1AB117}.Release|Any CPU.ActiveCfg = Release|Any CPU
		{21760086-F7D1-4FA3-9CDA-CFE1AD1AB117}.Release|Any CPU.Build.0 = Release|Any CPU
		{D85888CB-BC60-4329-9B00-E7BDA3524742}.Debug|Any CPU.ActiveCfg = Debug|Any CPU
		{D85888CB-BC60-4329-9B00-E7BDA3524742}.Debug|Any CPU.Build.0 = Debug|Any CPU
		{D85888CB-BC60-4329-9B00-E7BDA3524742}.Release|Any CPU.ActiveCfg = Release|Any CPU
		{D85888CB-BC60-4329-9B00-E7BDA3524742}.Release|Any CPU.Build.0 = Release|Any CPU
	EndGlobalSection
	GlobalSection(SolutionProperties) = preSolution
		HideSolutionNode = FALSE
	EndGlobalSection
	GlobalSection(NestedProjects) = preSolution
		{F1797FA0-2439-4B6A-8CA6-2B6688FE1993} = {B8F915BD-44BE-4A4F-A641-427E6345DAE8}
		{1A43849F-FC96-47E9-9617-D211667837F9} = {EC97AF10-0CF8-4EBC-B52E-8152E6EF92FE}
		{533FD533-7607-49F0-9D49-22A34EBE9EF4} = {F16D4955-ECA7-49EB-ACF3-2DBA73CD9EF6}
		{9E0A9888-B83A-4DA9-B7AF-DA98C9F8FB1D} = {A529F3D4-C7B6-412E-8EF1-6D77004B23A1}
		{17A555DA-D952-4066-8820-13ED97770DE8} = {F16D4955-ECA7-49EB-ACF3-2DBA73CD9EF6}
		{617DE4BD-5862-483D-BDB8-316C4C6F143C} = {B8F915BD-44BE-4A4F-A641-427E6345DAE8}
		{80F052BC-DE9F-46A4-9BC3-5829946041D7} = {EC97AF10-0CF8-4EBC-B52E-8152E6EF92FE}
		{8BCFA91D-02B2-4EFD-9E8E-E19687EBF1EB} = {952E867A-4F14-48B8-B34F-21F8BD849C62}
		{21760086-F7D1-4FA3-9CDA-CFE1AD1AB117} = {F16D4955-ECA7-49EB-ACF3-2DBA73CD9EF6}
	EndGlobalSection
	GlobalSection(ExtensibilityGlobals) = postSolution
		SolutionGuid = {E8762886-5B99-4DD1-B6A9-242FAC001B38}
	EndGlobalSection
EndGlobal
